<Solution>
  <Folder Name="/SolutionItems/">
    <File Path=".circleci/config.yml" />
    <File Path=".github/copilot-instructions.md" />
  </Folder>
  <Project Path="Baubit.DI.Extensions.Test/Baubit.DI.Extensions.Test.csproj" Id="ff1e6fad-b4a1-4347-9746-8dd7b776f7a6" />
  <Project Path="Baubit.DI.Extensions/Baubit.DI.Extensions.csproj" />
</Solution>
